// !$*UTF8*$!
{
	archiveVersion = 1;
	classes = {
	};
	objectVersion = 50;
	objects = {

/* Begin PBXBuildFile section */
		C9288FC820D902EA005A313C /* AppDelegate.swift in Sources */ = {isa = PBXBuildFile; fileRef = C9288FC720D902EA005A313C /* AppDelegate.swift */; };
		C9288FCA20D902EA005A313C /* GameViewController.swift in Sources */ = {isa = PBXBuildFile; fileRef = C9288FC920D902EA005A313C /* GameViewController.swift */; };
		C9288FCD20D902EA005A313C /* Main.storyboard in Resources */ = {isa = PBXBuildFile; fileRef = C9288FCB20D902EA005A313C /* Main.storyboard */; };
		C9288FD020D902EA005A313C /* LaunchScreen.storyboard in Resources */ = {isa = PBXBuildFile; fileRef = C9288FCE20D902EA005A313C /* LaunchScreen.storyboard */; };
		C9288FD920D902EA005A313C /* AppDelegate.swift in Sources */ = {isa = PBXBuildFile; fileRef = C9288FD820D902EA005A313C /* AppDelegate.swift */; };
		C9288FDB20D902EA005A313C /* GameViewController.swift in Sources */ = {isa = PBXBuildFile; fileRef = C9288FDA20D902EA005A313C /* GameViewController.swift */; };
		C9288FDE20D902EA005A313C /* Main.storyboard in Resources */ = {isa = PBXBuildFile; fileRef = C9288FDC20D902EA005A313C /* Main.storyboard */; };
		C9288FE720D902EA005A313C /* AppDelegate.swift in Sources */ = {isa = PBXBuildFile; fileRef = C9288FE620D902EA005A313C /* AppDelegate.swift */; };
		C9288FE920D902EA005A313C /* GameViewController.swift in Sources */ = {isa = PBXBuildFile; fileRef = C9288FE820D902EA005A313C /* GameViewController.swift */; };
		C9288FEC20D902EA005A313C /* Main.storyboard in Resources */ = {isa = PBXBuildFile; fileRef = C9288FEA20D902EA005A313C /* Main.storyboard */; };
		C9288FEE20D902EA005A313C /* Shaders.metal in Sources */ = {isa = PBXBuildFile; fileRef = C9288FBC20D902E7005A313C /* Shaders.metal */; };
		C9288FEF20D902EA005A313C /* Shaders.metal in Sources */ = {isa = PBXBuildFile; fileRef = C9288FBC20D902E7005A313C /* Shaders.metal */; };
		C9288FF020D902EA005A313C /* Shaders.metal in Sources */ = {isa = PBXBuildFile; fileRef = C9288FBC20D902E7005A313C /* Shaders.metal */; };
		C9288FF120D902EA005A313C /* Renderer.swift in Sources */ = {isa = PBXBuildFile; fileRef = C9288FBD20D902E7005A313C /* Renderer.swift */; };
		C9288FF220D902EA005A313C /* Renderer.swift in Sources */ = {isa = PBXBuildFile; fileRef = C9288FBD20D902E7005A313C /* Renderer.swift */; };
		C9288FF320D902EA005A313C /* Renderer.swift in Sources */ = {isa = PBXBuildFile; fileRef = C9288FBD20D902E7005A313C /* Renderer.swift */; };
		C9288FF420D902EA005A313C /* ShaderTypes.h in Resources */ = {isa = PBXBuildFile; fileRef = C9288FBE20D902E7005A313C /* ShaderTypes.h */; };
		C9288FF520D902EA005A313C /* ShaderTypes.h in Resources */ = {isa = PBXBuildFile; fileRef = C9288FBE20D902E7005A313C /* ShaderTypes.h */; };
		C9288FF620D902EA005A313C /* ShaderTypes.h in Resources */ = {isa = PBXBuildFile; fileRef = C9288FBE20D902E7005A313C /* ShaderTypes.h */; };
		C9288FF720D902EA005A313C /* Assets.xcassets in Resources */ = {isa = PBXBuildFile; fileRef = C9288FBF20D902EA005A313C /* Assets.xcassets */; };
		C9288FF820D902EA005A313C /* Assets.xcassets in Resources */ = {isa = PBXBuildFile; fileRef = C9288FBF20D902EA005A313C /* Assets.xcassets */; };
		C9288FF920D902EA005A313C /* Assets.xcassets in Resources */ = {isa = PBXBuildFile; fileRef = C9288FBF20D902EA005A313C /* Assets.xcassets */; };
		C928900820D92BA8005A313C /* RenderPass.swift in Sources */ = {isa = PBXBuildFile; fileRef = C928900720D92BA8005A313C /* RenderPass.swift */; };
		C928900920D92BA8005A313C /* RenderPass.swift in Sources */ = {isa = PBXBuildFile; fileRef = C928900720D92BA8005A313C /* RenderPass.swift */; };
		C928900A20D92BA8005A313C /* RenderPass.swift in Sources */ = {isa = PBXBuildFile; fileRef = C928900720D92BA8005A313C /* RenderPass.swift */; };
		C99D36A220E2301800CD4B4A /* GBufferRenderPass.swift in Sources */ = {isa = PBXBuildFile; fileRef = C99D36A120E2301800CD4B4A /* GBufferRenderPass.swift */; };
		C99D36A320E2301800CD4B4A /* GBufferRenderPass.swift in Sources */ = {isa = PBXBuildFile; fileRef = C99D36A120E2301800CD4B4A /* GBufferRenderPass.swift */; };
		C99D36A420E2301800CD4B4A /* GBufferRenderPass.swift in Sources */ = {isa = PBXBuildFile; fileRef = C99D36A120E2301800CD4B4A /* GBufferRenderPass.swift */; };
		C9AE3BE020E0DC3700DDBF52 /* ShaderBuffer.swift in Sources */ = {isa = PBXBuildFile; fileRef = C9AE3BDF20E0DC3700DDBF52 /* ShaderBuffer.swift */; };
		C9AE3BE120E0DC3700DDBF52 /* ShaderBuffer.swift in Sources */ = {isa = PBXBuildFile; fileRef = C9AE3BDF20E0DC3700DDBF52 /* ShaderBuffer.swift */; };
		C9AE3BE220E0DC3700DDBF52 /* ShaderBuffer.swift in Sources */ = {isa = PBXBuildFile; fileRef = C9AE3BDF20E0DC3700DDBF52 /* ShaderBuffer.swift */; };
		C9AE3BE420E0E86A00DDBF52 /* ShaderTexture.swift in Sources */ = {isa = PBXBuildFile; fileRef = C9AE3BE320E0E86A00DDBF52 /* ShaderTexture.swift */; };
		C9AE3BE520E0E86A00DDBF52 /* ShaderTexture.swift in Sources */ = {isa = PBXBuildFile; fileRef = C9AE3BE320E0E86A00DDBF52 /* ShaderTexture.swift */; };
		C9AE3BE620E0E86A00DDBF52 /* ShaderTexture.swift in Sources */ = {isa = PBXBuildFile; fileRef = C9AE3BE320E0E86A00DDBF52 /* ShaderTexture.swift */; };
		C9AE3C3C20E1834C00DDBF52 /* Matrix.swift in Sources */ = {isa = PBXBuildFile; fileRef = C9AE3C3B20E1834C00DDBF52 /* Matrix.swift */; };
		C9AE3C3D20E1834C00DDBF52 /* Matrix.swift in Sources */ = {isa = PBXBuildFile; fileRef = C9AE3C3B20E1834C00DDBF52 /* Matrix.swift */; };
		C9AE3C3E20E1834C00DDBF52 /* Matrix.swift in Sources */ = {isa = PBXBuildFile; fileRef = C9AE3C3B20E1834C00DDBF52 /* Matrix.swift */; };
		C9B18B7620DFEE5800D85496 /* BaseRenderPass.swift in Sources */ = {isa = PBXBuildFile; fileRef = C9B18B7520DFEE5800D85496 /* BaseRenderPass.swift */; };
		C9B18B7720DFEE5800D85496 /* BaseRenderPass.swift in Sources */ = {isa = PBXBuildFile; fileRef = C9B18B7520DFEE5800D85496 /* BaseRenderPass.swift */; };
		C9B18B7820DFEE5800D85496 /* BaseRenderPass.swift in Sources */ = {isa = PBXBuildFile; fileRef = C9B18B7520DFEE5800D85496 /* BaseRenderPass.swift */; };
		C9B18B7A20E0033E00D85496 /* Shader.swift in Sources */ = {isa = PBXBuildFile; fileRef = C9B18B7920E0033E00D85496 /* Shader.swift */; };
		C9B18B7B20E0033E00D85496 /* Shader.swift in Sources */ = {isa = PBXBuildFile; fileRef = C9B18B7920E0033E00D85496 /* Shader.swift */; };
		C9B18B7C20E0033E00D85496 /* Shader.swift in Sources */ = {isa = PBXBuildFile; fileRef = C9B18B7920E0033E00D85496 /* Shader.swift */; };
		C9B18B8320E00C3A00D85496 /* FragmentShader.swift in Sources */ = {isa = PBXBuildFile; fileRef = C9B18B8220E00C3A00D85496 /* FragmentShader.swift */; };
		C9B18B8420E00C3A00D85496 /* FragmentShader.swift in Sources */ = {isa = PBXBuildFile; fileRef = C9B18B8220E00C3A00D85496 /* FragmentShader.swift */; };
		C9B18B8520E00C3A00D85496 /* FragmentShader.swift in Sources */ = {isa = PBXBuildFile; fileRef = C9B18B8220E00C3A00D85496 /* FragmentShader.swift */; };
		C9B18B8720E00C8B00D85496 /* VertexShader.swift in Sources */ = {isa = PBXBuildFile; fileRef = C9B18B8620E00C8B00D85496 /* VertexShader.swift */; };
		C9B18B8820E00C8B00D85496 /* VertexShader.swift in Sources */ = {isa = PBXBuildFile; fileRef = C9B18B8620E00C8B00D85496 /* VertexShader.swift */; };
		C9B18B8920E00C8B00D85496 /* VertexShader.swift in Sources */ = {isa = PBXBuildFile; fileRef = C9B18B8620E00C8B00D85496 /* VertexShader.swift */; };
		C9CF49802110A59B00606119 /* RessourceShaderTexture.swift in Sources */ = {isa = PBXBuildFile; fileRef = C9CF497F2110A59B00606119 /* RessourceShaderTexture.swift */; };
		C9CF49812110A59B00606119 /* RessourceShaderTexture.swift in Sources */ = {isa = PBXBuildFile; fileRef = C9CF497F2110A59B00606119 /* RessourceShaderTexture.swift */; };
		C9CF49822110A59B00606119 /* RessourceShaderTexture.swift in Sources */ = {isa = PBXBuildFile; fileRef = C9CF497F2110A59B00606119 /* RessourceShaderTexture.swift */; };
		C9CF49842110B85100606119 /* Context.swift in Sources */ = {isa = PBXBuildFile; fileRef = C9CF49832110B85100606119 /* Context.swift */; };
		C9CF49852110B85100606119 /* Context.swift in Sources */ = {isa = PBXBuildFile; fileRef = C9CF49832110B85100606119 /* Context.swift */; };
		C9CF49862110B85100606119 /* Context.swift in Sources */ = {isa = PBXBuildFile; fileRef = C9CF49832110B85100606119 /* Context.swift */; };
		C9CF498D2110C8B200606119 /* Singleton.swift in Sources */ = {isa = PBXBuildFile; fileRef = C9CF498C2110C8B200606119 /* Singleton.swift */; };
		C9CF498E2110C8B200606119 /* Singleton.swift in Sources */ = {isa = PBXBuildFile; fileRef = C9CF498C2110C8B200606119 /* Singleton.swift */; };
		C9CF498F2110C8B200606119 /* Singleton.swift in Sources */ = {isa = PBXBuildFile; fileRef = C9CF498C2110C8B200606119 /* Singleton.swift */; };
		C9CF49912110ED2900606119 /* GBuffer.metal in Sources */ = {isa = PBXBuildFile; fileRef = C9CF49902110ED2900606119 /* GBuffer.metal */; };
		C9CF49922110ED2900606119 /* GBuffer.metal in Sources */ = {isa = PBXBuildFile; fileRef = C9CF49902110ED2900606119 /* GBuffer.metal */; };
		C9CF49932110ED2900606119 /* GBuffer.metal in Sources */ = {isa = PBXBuildFile; fileRef = C9CF49902110ED2900606119 /* GBuffer.metal */; };
		C9CF49952110F1ED00606119 /* DeferredLighting.metal in Sources */ = {isa = PBXBuildFile; fileRef = C9CF49942110F1ED00606119 /* DeferredLighting.metal */; };
		C9CF49962110F1ED00606119 /* DeferredLighting.metal in Sources */ = {isa = PBXBuildFile; fileRef = C9CF49942110F1ED00606119 /* DeferredLighting.metal */; };
		C9CF49972110F1ED00606119 /* DeferredLighting.metal in Sources */ = {isa = PBXBuildFile; fileRef = C9CF49942110F1ED00606119 /* DeferredLighting.metal */; };
		C9CF499A2110F51700606119 /* DeferredLightingRenderPass.swift in Sources */ = {isa = PBXBuildFile; fileRef = C9CF49992110F51700606119 /* DeferredLightingRenderPass.swift */; };
		C9CF499B2110F51700606119 /* DeferredLightingRenderPass.swift in Sources */ = {isa = PBXBuildFile; fileRef = C9CF49992110F51700606119 /* DeferredLightingRenderPass.swift */; };
		C9CF499C2110F51700606119 /* DeferredLightingRenderPass.swift in Sources */ = {isa = PBXBuildFile; fileRef = C9CF49992110F51700606119 /* DeferredLightingRenderPass.swift */; };
		C9D77EAF20E7926B0057AF7B /* RenderTargetShaderTexture.swift in Sources */ = {isa = PBXBuildFile; fileRef = C9D77EAE20E7926B0057AF7B /* RenderTargetShaderTexture.swift */; };
		C9D77EB020E7926B0057AF7B /* RenderTargetShaderTexture.swift in Sources */ = {isa = PBXBuildFile; fileRef = C9D77EAE20E7926B0057AF7B /* RenderTargetShaderTexture.swift */; };
		C9D77EB120E7926B0057AF7B /* RenderTargetShaderTexture.swift in Sources */ = {isa = PBXBuildFile; fileRef = C9D77EAE20E7926B0057AF7B /* RenderTargetShaderTexture.swift */; };
/* End PBXBuildFile section */

/* Begin PBXFileReference section */
		C9288FBC20D902E7005A313C /* Shaders.metal */ = {isa = PBXFileReference; lastKnownFileType = sourcecode.metal; path = Shaders.metal; sourceTree = "<group>"; };
		C9288FBD20D902E7005A313C /* Renderer.swift */ = {isa = PBXFileReference; lastKnownFileType = sourcecode.swift; path = Renderer.swift; sourceTree = "<group>"; };
		C9288FBE20D902E7005A313C /* ShaderTypes.h */ = {isa = PBXFileReference; lastKnownFileType = sourcecode.c.h; path = ShaderTypes.h; sourceTree = "<group>"; };
		C9288FBF20D902EA005A313C /* Assets.xcassets */ = {isa = PBXFileReference; lastKnownFileType = folder.assetcatalog; path = Assets.xcassets; sourceTree = "<group>"; };
		C9288FC420D902EA005A313C /* Cobalt.app */ = {isa = PBXFileReference; explicitFileType = wrapper.application; includeInIndex = 0; path = Cobalt.app; sourceTree = BUILT_PRODUCTS_DIR; };
		C9288FC720D902EA005A313C /* AppDelegate.swift */ = {isa = PBXFileReference; lastKnownFileType = sourcecode.swift; path = AppDelegate.swift; sourceTree = "<group>"; };
		C9288FC920D902EA005A313C /* GameViewController.swift */ = {isa = PBXFileReference; lastKnownFileType = sourcecode.swift; path = GameViewController.swift; sourceTree = "<group>"; };
		C9288FCC20D902EA005A313C /* Base */ = {isa = PBXFileReference; lastKnownFileType = file.storyboard; name = Base; path = Base.lproj/Main.storyboard; sourceTree = "<group>"; };
		C9288FCF20D902EA005A313C /* Base */ = {isa = PBXFileReference; lastKnownFileType = file.storyboard; name = Base; path = Base.lproj/LaunchScreen.storyboard; sourceTree = "<group>"; };
		C9288FD120D902EA005A313C /* Info.plist */ = {isa = PBXFileReference; lastKnownFileType = text.plist.xml; path = Info.plist; sourceTree = "<group>"; };
		C9288FD620D902EA005A313C /* Cobalt.app */ = {isa = PBXFileReference; explicitFileType = wrapper.application; includeInIndex = 0; path = Cobalt.app; sourceTree = BUILT_PRODUCTS_DIR; };
		C9288FD820D902EA005A313C /* AppDelegate.swift */ = {isa = PBXFileReference; lastKnownFileType = sourcecode.swift; path = AppDelegate.swift; sourceTree = "<group>"; };
		C9288FDA20D902EA005A313C /* GameViewController.swift */ = {isa = PBXFileReference; lastKnownFileType = sourcecode.swift; path = GameViewController.swift; sourceTree = "<group>"; };
		C9288FDD20D902EA005A313C /* Base */ = {isa = PBXFileReference; lastKnownFileType = file.storyboard; name = Base; path = Base.lproj/Main.storyboard; sourceTree = "<group>"; };
		C9288FDF20D902EA005A313C /* Info.plist */ = {isa = PBXFileReference; lastKnownFileType = text.plist.xml; path = Info.plist; sourceTree = "<group>"; };
		C9288FE420D902EA005A313C /* Cobalt.app */ = {isa = PBXFileReference; explicitFileType = wrapper.application; includeInIndex = 0; path = Cobalt.app; sourceTree = BUILT_PRODUCTS_DIR; };
		C9288FE620D902EA005A313C /* AppDelegate.swift */ = {isa = PBXFileReference; lastKnownFileType = sourcecode.swift; path = AppDelegate.swift; sourceTree = "<group>"; };
		C9288FE820D902EA005A313C /* GameViewController.swift */ = {isa = PBXFileReference; lastKnownFileType = sourcecode.swift; path = GameViewController.swift; sourceTree = "<group>"; };
		C9288FEB20D902EA005A313C /* Base */ = {isa = PBXFileReference; lastKnownFileType = file.storyboard; name = Base; path = Base.lproj/Main.storyboard; sourceTree = "<group>"; };
		C9288FED20D902EA005A313C /* Info.plist */ = {isa = PBXFileReference; lastKnownFileType = text.plist.xml; path = Info.plist; sourceTree = "<group>"; };
		C928900720D92BA8005A313C /* RenderPass.swift */ = {isa = PBXFileReference; lastKnownFileType = sourcecode.swift; path = RenderPass.swift; sourceTree = "<group>"; };
		C99D36A120E2301800CD4B4A /* GBufferRenderPass.swift */ = {isa = PBXFileReference; lastKnownFileType = sourcecode.swift; path = GBufferRenderPass.swift; sourceTree = "<group>"; };
		C9AE3BDF20E0DC3700DDBF52 /* ShaderBuffer.swift */ = {isa = PBXFileReference; lastKnownFileType = sourcecode.swift; path = ShaderBuffer.swift; sourceTree = "<group>"; };
		C9AE3BE320E0E86A00DDBF52 /* ShaderTexture.swift */ = {isa = PBXFileReference; lastKnownFileType = sourcecode.swift; path = ShaderTexture.swift; sourceTree = "<group>"; };
		C9AE3C3B20E1834C00DDBF52 /* Matrix.swift */ = {isa = PBXFileReference; lastKnownFileType = sourcecode.swift; path = Matrix.swift; sourceTree = "<group>"; };
		C9B18B7520DFEE5800D85496 /* BaseRenderPass.swift */ = {isa = PBXFileReference; lastKnownFileType = sourcecode.swift; path = BaseRenderPass.swift; sourceTree = "<group>"; };
		C9B18B7920E0033E00D85496 /* Shader.swift */ = {isa = PBXFileReference; lastKnownFileType = sourcecode.swift; path = Shader.swift; sourceTree = "<group>"; };
		C9B18B8220E00C3A00D85496 /* FragmentShader.swift */ = {isa = PBXFileReference; lastKnownFileType = sourcecode.swift; path = FragmentShader.swift; sourceTree = "<group>"; };
		C9B18B8620E00C8B00D85496 /* VertexShader.swift */ = {isa = PBXFileReference; lastKnownFileType = sourcecode.swift; path = VertexShader.swift; sourceTree = "<group>"; };
		C9CF497F2110A59B00606119 /* RessourceShaderTexture.swift */ = {isa = PBXFileReference; lastKnownFileType = sourcecode.swift; path = RessourceShaderTexture.swift; sourceTree = "<group>"; };
		C9CF49832110B85100606119 /* Context.swift */ = {isa = PBXFileReference; fileEncoding = 4; lastKnownFileType = sourcecode.swift; path = Context.swift; sourceTree = "<group>"; };
		C9CF498C2110C8B200606119 /* Singleton.swift */ = {isa = PBXFileReference; lastKnownFileType = sourcecode.swift; path = Singleton.swift; sourceTree = "<group>"; };
		C9CF49902110ED2900606119 /* GBuffer.metal */ = {isa = PBXFileReference; lastKnownFileType = sourcecode.metal; path = GBuffer.metal; sourceTree = "<group>"; };
		C9CF49942110F1ED00606119 /* DeferredLighting.metal */ = {isa = PBXFileReference; lastKnownFileType = sourcecode.metal; path = DeferredLighting.metal; sourceTree = "<group>"; };
		C9CF49982110F23C00606119 /* ShaderCommon.h */ = {isa = PBXFileReference; lastKnownFileType = sourcecode.c.h; path = ShaderCommon.h; sourceTree = "<group>"; };
		C9CF49992110F51700606119 /* DeferredLightingRenderPass.swift */ = {isa = PBXFileReference; lastKnownFileType = sourcecode.swift; path = DeferredLightingRenderPass.swift; sourceTree = "<group>"; };
		C9D77EAE20E7926B0057AF7B /* RenderTargetShaderTexture.swift */ = {isa = PBXFileReference; lastKnownFileType = sourcecode.swift; path = RenderTargetShaderTexture.swift; sourceTree = "<group>"; };
/* End PBXFileReference section */

/* Begin PBXFrameworksBuildPhase section */
		C9288FC120D902EA005A313C /* Frameworks */ = {
			isa = PBXFrameworksBuildPhase;
			buildActionMask = 2147483647;
			files = (
			);
			runOnlyForDeploymentPostprocessing = 0;
		};
		C9288FD320D902EA005A313C /* Frameworks */ = {
			isa = PBXFrameworksBuildPhase;
			buildActionMask = 2147483647;
			files = (
			);
			runOnlyForDeploymentPostprocessing = 0;
		};
		C9288FE120D902EA005A313C /* Frameworks */ = {
			isa = PBXFrameworksBuildPhase;
			buildActionMask = 2147483647;
			files = (
			);
			runOnlyForDeploymentPostprocessing = 0;
		};
/* End PBXFrameworksBuildPhase section */

/* Begin PBXGroup section */
		C9288FB620D902E7005A313C = {
			isa = PBXGroup;
			children = (
				C9288FBB20D902E7005A313C /* Cobalt Shared */,
				C9288FC620D902EA005A313C /* Cobalt iOS */,
				C9288FD720D902EA005A313C /* Cobalt tvOS */,
				C9288FE520D902EA005A313C /* Cobalt macOS */,
				C9288FC520D902EA005A313C /* Products */,
			);
			sourceTree = "<group>";
		};
		C9288FBB20D902E7005A313C /* Cobalt Shared */ = {
			isa = PBXGroup;
			children = (
				C9AE3C3A20E1831F00DDBF52 /* Math */,
				C9CF49872110B86700606119 /* Util */,
				C928900620D90781005A313C /* Renderer */,
				C9288FBC20D902E7005A313C /* Shaders.metal */,
				C9CF49942110F1ED00606119 /* DeferredLighting.metal */,
				C9CF49902110ED2900606119 /* GBuffer.metal */,
				C9288FBE20D902E7005A313C /* ShaderTypes.h */,
				C9CF49982110F23C00606119 /* ShaderCommon.h */,
				C9288FBF20D902EA005A313C /* Assets.xcassets */,
			);
			path = "Cobalt Shared";
			sourceTree = "<group>";
		};
		C9288FC520D902EA005A313C /* Products */ = {
			isa = PBXGroup;
			children = (
				C9288FC420D902EA005A313C /* Cobalt.app */,
				C9288FD620D902EA005A313C /* Cobalt.app */,
				C9288FE420D902EA005A313C /* Cobalt.app */,
			);
			name = Products;
			sourceTree = "<group>";
		};
		C9288FC620D902EA005A313C /* Cobalt iOS */ = {
			isa = PBXGroup;
			children = (
				C9288FC720D902EA005A313C /* AppDelegate.swift */,
				C9288FC920D902EA005A313C /* GameViewController.swift */,
				C9288FCB20D902EA005A313C /* Main.storyboard */,
				C9288FCE20D902EA005A313C /* LaunchScreen.storyboard */,
				C9288FD120D902EA005A313C /* Info.plist */,
			);
			path = "Cobalt iOS";
			sourceTree = "<group>";
		};
		C9288FD720D902EA005A313C /* Cobalt tvOS */ = {
			isa = PBXGroup;
			children = (
				C9288FD820D902EA005A313C /* AppDelegate.swift */,
				C9288FDA20D902EA005A313C /* GameViewController.swift */,
				C9288FDC20D902EA005A313C /* Main.storyboard */,
				C9288FDF20D902EA005A313C /* Info.plist */,
			);
			path = "Cobalt tvOS";
			sourceTree = "<group>";
		};
		C9288FE520D902EA005A313C /* Cobalt macOS */ = {
			isa = PBXGroup;
			children = (
				C9288FE620D902EA005A313C /* AppDelegate.swift */,
				C9288FE820D902EA005A313C /* GameViewController.swift */,
				C9288FEA20D902EA005A313C /* Main.storyboard */,
				C9288FED20D902EA005A313C /* Info.plist */,
			);
			path = "Cobalt macOS";
			sourceTree = "<group>";
		};
		C928900620D90781005A313C /* Renderer */ = {
			isa = PBXGroup;
			children = (
				C99D36A020E22FE100CD4B4A /* Shaders */,
				C99D369F20E22FCC00CD4B4A /* ShaderRessources */,
				C99D369E20E22FBE00CD4B4A /* RenderPasses */,
				C9288FBD20D902E7005A313C /* Renderer.swift */,
				C9CF49832110B85100606119 /* Context.swift */,
			);
			path = Renderer;
			sourceTree = "<group>";
		};
		C99D369E20E22FBE00CD4B4A /* RenderPasses */ = {
			isa = PBXGroup;
			children = (
				C928900720D92BA8005A313C /* RenderPass.swift */,
				C9B18B7520DFEE5800D85496 /* BaseRenderPass.swift */,
				C99D36A120E2301800CD4B4A /* GBufferRenderPass.swift */,
				C9CF49992110F51700606119 /* DeferredLightingRenderPass.swift */,
			);
			path = RenderPasses;
			sourceTree = "<group>";
		};
		C99D369F20E22FCC00CD4B4A /* ShaderRessources */ = {
			isa = PBXGroup;
			children = (
				C9AE3BDF20E0DC3700DDBF52 /* ShaderBuffer.swift */,
				C9AE3BE320E0E86A00DDBF52 /* ShaderTexture.swift */,
				C9CF497F2110A59B00606119 /* RessourceShaderTexture.swift */,
				C9D77EAE20E7926B0057AF7B /* RenderTargetShaderTexture.swift */,
			);
			path = ShaderRessources;
			sourceTree = "<group>";
		};
		C99D36A020E22FE100CD4B4A /* Shaders */ = {
			isa = PBXGroup;
			children = (
				C9B18B7920E0033E00D85496 /* Shader.swift */,
				C9B18B8220E00C3A00D85496 /* FragmentShader.swift */,
				C9B18B8620E00C8B00D85496 /* VertexShader.swift */,
			);
			name = Shaders;
			path = "New Group";
			sourceTree = "<group>";
		};
		C9AE3C3A20E1831F00DDBF52 /* Math */ = {
			isa = PBXGroup;
			children = (
				C9AE3C3B20E1834C00DDBF52 /* Matrix.swift */,
			);
			path = Math;
			sourceTree = "<group>";
		};
		C9CF49872110B86700606119 /* Util */ = {
			isa = PBXGroup;
			children = (
				C9CF498C2110C8B200606119 /* Singleton.swift */,
			);
			path = Util;
			sourceTree = "<group>";
		};
/* End PBXGroup section */

/* Begin PBXNativeTarget section */
		C9288FC320D902EA005A313C /* Cobalt iOS */ = {
			isa = PBXNativeTarget;
			buildConfigurationList = C9288FFC20D902EA005A313C /* Build configuration list for PBXNativeTarget "Cobalt iOS" */;
			buildPhases = (
				C9288FC020D902EA005A313C /* Sources */,
				C9288FC120D902EA005A313C /* Frameworks */,
				C9288FC220D902EA005A313C /* Resources */,
			);
			buildRules = (
			);
			dependencies = (
			);
			name = "Cobalt iOS";
			productName = "Cobalt iOS";
			productReference = C9288FC420D902EA005A313C /* Cobalt.app */;
			productType = "com.apple.product-type.application";
		};
		C9288FD520D902EA005A313C /* Cobalt tvOS */ = {
			isa = PBXNativeTarget;
			buildConfigurationList = C9288FFF20D902EA005A313C /* Build configuration list for PBXNativeTarget "Cobalt tvOS" */;
			buildPhases = (
				C9288FD220D902EA005A313C /* Sources */,
				C9288FD320D902EA005A313C /* Frameworks */,
				C9288FD420D902EA005A313C /* Resources */,
			);
			buildRules = (
			);
			dependencies = (
			);
			name = "Cobalt tvOS";
			productName = "Cobalt tvOS";
			productReference = C9288FD620D902EA005A313C /* Cobalt.app */;
			productType = "com.apple.product-type.application";
		};
		C9288FE320D902EA005A313C /* Cobalt macOS */ = {
			isa = PBXNativeTarget;
			buildConfigurationList = C928900220D902EA005A313C /* Build configuration list for PBXNativeTarget "Cobalt macOS" */;
			buildPhases = (
				C9288FE020D902EA005A313C /* Sources */,
				C9288FE120D902EA005A313C /* Frameworks */,
				C9288FE220D902EA005A313C /* Resources */,
			);
			buildRules = (
			);
			dependencies = (
			);
			name = "Cobalt macOS";
			productName = "Cobalt macOS";
			productReference = C9288FE420D902EA005A313C /* Cobalt.app */;
			productType = "com.apple.product-type.application";
		};
/* End PBXNativeTarget section */

/* Begin PBXProject section */
		C9288FB720D902E7005A313C /* Project object */ = {
			isa = PBXProject;
			attributes = {
				LastSwiftUpdateCheck = 0940;
				LastUpgradeCheck = 0940;
				ORGANIZATIONNAME = "Mo Becher";
				TargetAttributes = {
					C9288FC320D902EA005A313C = {
						CreatedOnToolsVersion = 9.4;
					};
					C9288FD520D902EA005A313C = {
						CreatedOnToolsVersion = 9.4;
					};
					C9288FE320D902EA005A313C = {
						CreatedOnToolsVersion = 9.4;
					};
				};
			};
			buildConfigurationList = C9288FBA20D902E7005A313C /* Build configuration list for PBXProject "Cobalt" */;
			compatibilityVersion = "Xcode 9.3";
			developmentRegion = en;
			hasScannedForEncodings = 0;
			knownRegions = (
				en,
				Base,
			);
			mainGroup = C9288FB620D902E7005A313C;
			productRefGroup = C9288FC520D902EA005A313C /* Products */;
			projectDirPath = "";
			projectRoot = "";
			targets = (
				C9288FC320D902EA005A313C /* Cobalt iOS */,
				C9288FD520D902EA005A313C /* Cobalt tvOS */,
				C9288FE320D902EA005A313C /* Cobalt macOS */,
			);
		};
/* End PBXProject section */

/* Begin PBXResourcesBuildPhase section */
		C9288FC220D902EA005A313C /* Resources */ = {
			isa = PBXResourcesBuildPhase;
			buildActionMask = 2147483647;
			files = (
				C9288FF420D902EA005A313C /* ShaderTypes.h in Resources */,
				C9288FCD20D902EA005A313C /* Main.storyboard in Resources */,
				C9288FF720D902EA005A313C /* Assets.xcassets in Resources */,
				C9288FD020D902EA005A313C /* LaunchScreen.storyboard in Resources */,
			);
			runOnlyForDeploymentPostprocessing = 0;
		};
		C9288FD420D902EA005A313C /* Resources */ = {
			isa = PBXResourcesBuildPhase;
			buildActionMask = 2147483647;
			files = (
				C9288FDE20D902EA005A313C /* Main.storyboard in Resources */,
				C9288FF820D902EA005A313C /* Assets.xcassets in Resources */,
				C9288FF520D902EA005A313C /* ShaderTypes.h in Resources */,
			);
			runOnlyForDeploymentPostprocessing = 0;
		};
		C9288FE220D902EA005A313C /* Resources */ = {
			isa = PBXResourcesBuildPhase;
			buildActionMask = 2147483647;
			files = (
				C9288FEC20D902EA005A313C /* Main.storyboard in Resources */,
				C9288FF920D902EA005A313C /* Assets.xcassets in Resources */,
				C9288FF620D902EA005A313C /* ShaderTypes.h in Resources */,
			);
			runOnlyForDeploymentPostprocessing = 0;
		};
/* End PBXResourcesBuildPhase section */

/* Begin PBXSourcesBuildPhase section */
		C9288FC020D902EA005A313C /* Sources */ = {
			isa = PBXSourcesBuildPhase;
			buildActionMask = 2147483647;
			files = (
				C9AE3C3C20E1834C00DDBF52 /* Matrix.swift in Sources */,
				C9CF49842110B85100606119 /* Context.swift in Sources */,
				C9B18B8720E00C8B00D85496 /* VertexShader.swift in Sources */,
				C9CF49912110ED2900606119 /* GBuffer.metal in Sources */,
				C9B18B7A20E0033E00D85496 /* Shader.swift in Sources */,
				C9AE3BE420E0E86A00DDBF52 /* ShaderTexture.swift in Sources */,
				C9288FF120D902EA005A313C /* Renderer.swift in Sources */,
				C9288FEE20D902EA005A313C /* Shaders.metal in Sources */,
				C99D36A220E2301800CD4B4A /* GBufferRenderPass.swift in Sources */,
				C9CF49952110F1ED00606119 /* DeferredLighting.metal in Sources */,
				C9288FCA20D902EA005A313C /* GameViewController.swift in Sources */,
				C9AE3BE020E0DC3700DDBF52 /* ShaderBuffer.swift in Sources */,
				C9D77EAF20E7926B0057AF7B /* RenderTargetShaderTexture.swift in Sources */,
				C9CF49802110A59B00606119 /* RessourceShaderTexture.swift in Sources */,
				C9CF499A2110F51700606119 /* DeferredLightingRenderPass.swift in Sources */,
				C9B18B8320E00C3A00D85496 /* FragmentShader.swift in Sources */,
				C9B18B7620DFEE5800D85496 /* BaseRenderPass.swift in Sources */,
				C9288FC820D902EA005A313C /* AppDelegate.swift in Sources */,
				C9CF498D2110C8B200606119 /* Singleton.swift in Sources */,
				C928900820D92BA8005A313C /* RenderPass.swift in Sources */,
			);
			runOnlyForDeploymentPostprocessing = 0;
		};
		C9288FD220D902EA005A313C /* Sources */ = {
			isa = PBXSourcesBuildPhase;
			buildActionMask = 2147483647;
			files = (
				C9AE3C3D20E1834C00DDBF52 /* Matrix.swift in Sources */,
				C9CF49852110B85100606119 /* Context.swift in Sources */,
				C9B18B8820E00C8B00D85496 /* VertexShader.swift in Sources */,
				C9CF49922110ED2900606119 /* GBuffer.metal in Sources */,
				C9B18B7B20E0033E00D85496 /* Shader.swift in Sources */,
				C9AE3BE520E0E86A00DDBF52 /* ShaderTexture.swift in Sources */,
				C9288FF220D902EA005A313C /* Renderer.swift in Sources */,
				C9288FEF20D902EA005A313C /* Shaders.metal in Sources */,
				C99D36A320E2301800CD4B4A /* GBufferRenderPass.swift in Sources */,
				C9CF49962110F1ED00606119 /* DeferredLighting.metal in Sources */,
				C9288FDB20D902EA005A313C /* GameViewController.swift in Sources */,
				C9AE3BE120E0DC3700DDBF52 /* ShaderBuffer.swift in Sources */,
				C9D77EB020E7926B0057AF7B /* RenderTargetShaderTexture.swift in Sources */,
				C9CF49812110A59B00606119 /* RessourceShaderTexture.swift in Sources */,
				C9CF499B2110F51700606119 /* DeferredLightingRenderPass.swift in Sources */,
				C9B18B8420E00C3A00D85496 /* FragmentShader.swift in Sources */,
				C9B18B7720DFEE5800D85496 /* BaseRenderPass.swift in Sources */,
				C9288FD920D902EA005A313C /* AppDelegate.swift in Sources */,
				C9CF498E2110C8B200606119 /* Singleton.swift in Sources */,
				C928900920D92BA8005A313C /* RenderPass.swift in Sources */,
			);
			runOnlyForDeploymentPostprocessing = 0;
		};
		C9288FE020D902EA005A313C /* Sources */ = {
			isa = PBXSourcesBuildPhase;
			buildActionMask = 2147483647;
			files = (
				C9AE3C3E20E1834C00DDBF52 /* Matrix.swift in Sources */,
				C9CF49862110B85100606119 /* Context.swift in Sources */,
				C9B18B8920E00C8B00D85496 /* VertexShader.swift in Sources */,
				C9CF49932110ED2900606119 /* GBuffer.metal in Sources */,
				C9B18B7C20E0033E00D85496 /* Shader.swift in Sources */,
				C9AE3BE620E0E86A00DDBF52 /* ShaderTexture.swift in Sources */,
				C9288FF320D902EA005A313C /* Renderer.swift in Sources */,
				C9288FF020D902EA005A313C /* Shaders.metal in Sources */,
				C99D36A420E2301800CD4B4A /* GBufferRenderPass.swift in Sources */,
				C9CF49972110F1ED00606119 /* DeferredLighting.metal in Sources */,
				C9288FE920D902EA005A313C /* GameViewController.swift in Sources */,
				C9AE3BE220E0DC3700DDBF52 /* ShaderBuffer.swift in Sources */,
				C9D77EB120E7926B0057AF7B /* RenderTargetShaderTexture.swift in Sources */,
				C9CF49822110A59B00606119 /* RessourceShaderTexture.swift in Sources */,
				C9CF499C2110F51700606119 /* DeferredLightingRenderPass.swift in Sources */,
				C9B18B8520E00C3A00D85496 /* FragmentShader.swift in Sources */,
				C9B18B7820DFEE5800D85496 /* BaseRenderPass.swift in Sources */,
				C9288FE720D902EA005A313C /* AppDelegate.swift in Sources */,
				C9CF498F2110C8B200606119 /* Singleton.swift in Sources */,
				C928900A20D92BA8005A313C /* RenderPass.swift in Sources */,
			);
			runOnlyForDeploymentPostprocessing = 0;
		};
/* End PBXSourcesBuildPhase section */

/* Begin PBXVariantGroup section */
		C9288FCB20D902EA005A313C /* Main.storyboard */ = {
			isa = PBXVariantGroup;
			children = (
				C9288FCC20D902EA005A313C /* Base */,
			);
			name = Main.storyboard;
			sourceTree = "<group>";
		};
		C9288FCE20D902EA005A313C /* LaunchScreen.storyboard */ = {
			isa = PBXVariantGroup;
			children = (
				C9288FCF20D902EA005A313C /* Base */,
			);
			name = LaunchScreen.storyboard;
			sourceTree = "<group>";
		};
		C9288FDC20D902EA005A313C /* Main.storyboard */ = {
			isa = PBXVariantGroup;
			children = (
				C9288FDD20D902EA005A313C /* Base */,
			);
			name = Main.storyboard;
			sourceTree = "<group>";
		};
		C9288FEA20D902EA005A313C /* Main.storyboard */ = {
			isa = PBXVariantGroup;
			children = (
				C9288FEB20D902EA005A313C /* Base */,
			);
			name = Main.storyboard;
			sourceTree = "<group>";
		};
/* End PBXVariantGroup section */

/* Begin XCBuildConfiguration section */
		C9288FFA20D902EA005A313C /* Debug */ = {
			isa = XCBuildConfiguration;
			buildSettings = {
				ALWAYS_SEARCH_USER_PATHS = NO;
				CLANG_ANALYZER_NONNULL = YES;
				CLANG_ANALYZER_NUMBER_OBJECT_CONVERSION = YES_AGGRESSIVE;
				CLANG_CXX_LANGUAGE_STANDARD = "gnu++14";
				CLANG_CXX_LIBRARY = "libc++";
				CLANG_ENABLE_MODULES = YES;
				CLANG_ENABLE_OBJC_ARC = YES;
				CLANG_ENABLE_OBJC_WEAK = YES;
				CLANG_WARN_BLOCK_CAPTURE_AUTORELEASING = YES;
				CLANG_WARN_BOOL_CONVERSION = YES;
				CLANG_WARN_COMMA = YES;
				CLANG_WARN_CONSTANT_CONVERSION = YES;
				CLANG_WARN_DEPRECATED_OBJC_IMPLEMENTATIONS = YES;
				CLANG_WARN_DIRECT_OBJC_ISA_USAGE = YES_ERROR;
				CLANG_WARN_DOCUMENTATION_COMMENTS = YES;
				CLANG_WARN_EMPTY_BODY = YES;
				CLANG_WARN_ENUM_CONVERSION = YES;
				CLANG_WARN_INFINITE_RECURSION = YES;
				CLANG_WARN_INT_CONVERSION = YES;
				CLANG_WARN_NON_LITERAL_NULL_CONVERSION = YES;
				CLANG_WARN_OBJC_IMPLICIT_RETAIN_SELF = YES;
				CLANG_WARN_OBJC_LITERAL_CONVERSION = YES;
				CLANG_WARN_OBJC_ROOT_CLASS = YES_ERROR;
				CLANG_WARN_RANGE_LOOP_ANALYSIS = YES;
				CLANG_WARN_STRICT_PROTOTYPES = YES;
				CLANG_WARN_SUSPICIOUS_MOVE = YES;
				CLANG_WARN_UNGUARDED_AVAILABILITY = YES_AGGRESSIVE;
				CLANG_WARN_UNREACHABLE_CODE = YES;
				CLANG_WARN__DUPLICATE_METHOD_MATCH = YES;
				COPY_PHASE_STRIP = NO;
				DEBUG_INFORMATION_FORMAT = dwarf;
				ENABLE_STRICT_OBJC_MSGSEND = YES;
				ENABLE_TESTABILITY = YES;
				GCC_C_LANGUAGE_STANDARD = gnu11;
				GCC_DYNAMIC_NO_PIC = NO;
				GCC_NO_COMMON_BLOCKS = YES;
				GCC_OPTIMIZATION_LEVEL = 0;
				GCC_PREPROCESSOR_DEFINITIONS = (
					"DEBUG=1",
					"$(inherited)",
				);
				GCC_WARN_64_TO_32_BIT_CONVERSION = YES;
				GCC_WARN_ABOUT_RETURN_TYPE = YES_ERROR;
				GCC_WARN_UNDECLARED_SELECTOR = YES;
				GCC_WARN_UNINITIALIZED_AUTOS = YES_AGGRESSIVE;
				GCC_WARN_UNUSED_FUNCTION = YES;
				GCC_WARN_UNUSED_VARIABLE = YES;
				MTL_ENABLE_DEBUG_INFO = YES;
				ONLY_ACTIVE_ARCH = YES;
				SWIFT_ACTIVE_COMPILATION_CONDITIONS = DEBUG;
				SWIFT_OPTIMIZATION_LEVEL = "-Onone";
			};
			name = Debug;
		};
		C9288FFB20D902EA005A313C /* Release */ = {
			isa = XCBuildConfiguration;
			buildSettings = {
				ALWAYS_SEARCH_USER_PATHS = NO;
				CLANG_ANALYZER_NONNULL = YES;
				CLANG_ANALYZER_NUMBER_OBJECT_CONVERSION = YES_AGGRESSIVE;
				CLANG_CXX_LANGUAGE_STANDARD = "gnu++14";
				CLANG_CXX_LIBRARY = "libc++";
				CLANG_ENABLE_MODULES = YES;
				CLANG_ENABLE_OBJC_ARC = YES;
				CLANG_ENABLE_OBJC_WEAK = YES;
				CLANG_WARN_BLOCK_CAPTURE_AUTORELEASING = YES;
				CLANG_WARN_BOOL_CONVERSION = YES;
				CLANG_WARN_COMMA = YES;
				CLANG_WARN_CONSTANT_CONVERSION = YES;
				CLANG_WARN_DEPRECATED_OBJC_IMPLEMENTATIONS = YES;
				CLANG_WARN_DIRECT_OBJC_ISA_USAGE = YES_ERROR;
				CLANG_WARN_DOCUMENTATION_COMMENTS = YES;
				CLANG_WARN_EMPTY_BODY = YES;
				CLANG_WARN_ENUM_CONVERSION = YES;
				CLANG_WARN_INFINITE_RECURSION = YES;
				CLANG_WARN_INT_CONVERSION = YES;
				CLANG_WARN_NON_LITERAL_NULL_CONVERSION = YES;
				CLANG_WARN_OBJC_IMPLICIT_RETAIN_SELF = YES;
				CLANG_WARN_OBJC_LITERAL_CONVERSION = YES;
				CLANG_WARN_OBJC_ROOT_CLASS = YES_ERROR;
				CLANG_WARN_RANGE_LOOP_ANALYSIS = YES;
				CLANG_WARN_STRICT_PROTOTYPES = YES;
				CLANG_WARN_SUSPICIOUS_MOVE = YES;
				CLANG_WARN_UNGUARDED_AVAILABILITY = YES_AGGRESSIVE;
				CLANG_WARN_UNREACHABLE_CODE = YES;
				CLANG_WARN__DUPLICATE_METHOD_MATCH = YES;
				COPY_PHASE_STRIP = NO;
				DEBUG_INFORMATION_FORMAT = "dwarf-with-dsym";
				ENABLE_NS_ASSERTIONS = NO;
				ENABLE_STRICT_OBJC_MSGSEND = YES;
				GCC_C_LANGUAGE_STANDARD = gnu11;
				GCC_NO_COMMON_BLOCKS = YES;
				GCC_WARN_64_TO_32_BIT_CONVERSION = YES;
				GCC_WARN_ABOUT_RETURN_TYPE = YES_ERROR;
				GCC_WARN_UNDECLARED_SELECTOR = YES;
				GCC_WARN_UNINITIALIZED_AUTOS = YES_AGGRESSIVE;
				GCC_WARN_UNUSED_FUNCTION = YES;
				GCC_WARN_UNUSED_VARIABLE = YES;
				MTL_ENABLE_DEBUG_INFO = NO;
				SWIFT_COMPILATION_MODE = wholemodule;
				SWIFT_OPTIMIZATION_LEVEL = "-O";
			};
			name = Release;
		};
		C9288FFD20D902EA005A313C /* Debug */ = {
			isa = XCBuildConfiguration;
			buildSettings = {
				ASSETCATALOG_COMPILER_APPICON_NAME = AppIcon;
				CODE_SIGN_IDENTITY = "iPhone Developer";
				CODE_SIGN_STYLE = Automatic;
				DEVELOPMENT_TEAM = C45J74U2LR;
				INFOPLIST_FILE = "Cobalt iOS/Info.plist";
				IPHONEOS_DEPLOYMENT_TARGET = 11.4;
				LD_RUNPATH_SEARCH_PATHS = (
					"$(inherited)",
					"@executable_path/Frameworks",
				);
				PRODUCT_BUNDLE_IDENTIFIER = com.mobecher.Cobalt;
				PRODUCT_NAME = Cobalt;
				SDKROOT = iphoneos;
				SWIFT_OBJC_BRIDGING_HEADER = "Cobalt Shared/ShaderTypes.h";
				SWIFT_VERSION = 4.0;
				TARGETED_DEVICE_FAMILY = "1,2";
			};
			name = Debug;
		};
		C9288FFE20D902EA005A313C /* Release */ = {
			isa = XCBuildConfiguration;
			buildSettings = {
				ASSETCATALOG_COMPILER_APPICON_NAME = AppIcon;
				CODE_SIGN_IDENTITY = "iPhone Developer";
				CODE_SIGN_STYLE = Automatic;
				DEVELOPMENT_TEAM = C45J74U2LR;
				INFOPLIST_FILE = "Cobalt iOS/Info.plist";
				IPHONEOS_DEPLOYMENT_TARGET = 11.4;
				LD_RUNPATH_SEARCH_PATHS = (
					"$(inherited)",
					"@executable_path/Frameworks",
				);
				PRODUCT_BUNDLE_IDENTIFIER = com.mobecher.Cobalt;
				PRODUCT_NAME = Cobalt;
				SDKROOT = iphoneos;
				SWIFT_OBJC_BRIDGING_HEADER = "Cobalt Shared/ShaderTypes.h";
				SWIFT_VERSION = 4.0;
				TARGETED_DEVICE_FAMILY = "1,2";
				VALIDATE_PRODUCT = YES;
			};
			name = Release;
		};
		C928900020D902EA005A313C /* Debug */ = {
			isa = XCBuildConfiguration;
			buildSettings = {
				ASSETCATALOG_COMPILER_APPICON_NAME = "tvOS App Icon & Top Shelf Image";
				ASSETCATALOG_COMPILER_LAUNCHIMAGE_NAME = "tvOS LaunchImage";
				CODE_SIGN_STYLE = Automatic;
				INFOPLIST_FILE = "Cobalt tvOS/Info.plist";
				LD_RUNPATH_SEARCH_PATHS = (
					"$(inherited)",
					"@executable_path/Frameworks",
				);
				PRODUCT_BUNDLE_IDENTIFIER = com.mobecher.Cobalt;
				PRODUCT_NAME = Cobalt;
				SDKROOT = appletvos;
				SWIFT_OBJC_BRIDGING_HEADER = "Cobalt Shared/ShaderTypes.h";
				SWIFT_VERSION = 4.0;
				TARGETED_DEVICE_FAMILY = 3;
				TVOS_DEPLOYMENT_TARGET = 11.4;
			};
			name = Debug;
		};
		C928900120D902EA005A313C /* Release */ = {
			isa = XCBuildConfiguration;
			buildSettings = {
				ASSETCATALOG_COMPILER_APPICON_NAME = "tvOS App Icon & Top Shelf Image";
				ASSETCATALOG_COMPILER_LAUNCHIMAGE_NAME = "tvOS LaunchImage";
				CODE_SIGN_STYLE = Automatic;
				INFOPLIST_FILE = "Cobalt tvOS/Info.plist";
				LD_RUNPATH_SEARCH_PATHS = (
					"$(inherited)",
					"@executable_path/Frameworks",
				);
				PRODUCT_BUNDLE_IDENTIFIER = com.mobecher.Cobalt;
				PRODUCT_NAME = Cobalt;
				SDKROOT = appletvos;
				SWIFT_OBJC_BRIDGING_HEADER = "Cobalt Shared/ShaderTypes.h";
				SWIFT_VERSION = 4.0;
				TARGETED_DEVICE_FAMILY = 3;
				TVOS_DEPLOYMENT_TARGET = 11.4;
				VALIDATE_PRODUCT = YES;
			};
			name = Release;
		};
		C928900320D902EA005A313C /* Debug */ = {
			isa = XCBuildConfiguration;
			buildSettings = {
				ASSETCATALOG_COMPILER_APPICON_NAME = AppIcon;
				CODE_SIGN_IDENTITY = "-";
				CODE_SIGN_STYLE = Automatic;
				COMBINE_HIDPI_IMAGES = YES;
				INFOPLIST_FILE = "Cobalt macOS/Info.plist";
				LD_RUNPATH_SEARCH_PATHS = (
					"$(inherited)",
					"@executable_path/../Frameworks",
				);
				MACOSX_DEPLOYMENT_TARGET = 10.13;
				PRODUCT_BUNDLE_IDENTIFIER = com.mobecher.Cobalt;
				PRODUCT_NAME = Cobalt;
				SDKROOT = macosx;
				SWIFT_OBJC_BRIDGING_HEADER = "Cobalt Shared/ShaderTypes.h";
				SWIFT_VERSION = 4.0;
			};
			name = Debug;
		};
		C928900420D902EA005A313C /* Release */ = {
			isa = XCBuildConfiguration;
			buildSettings = {
				ASSETCATALOG_COMPILER_APPICON_NAME = AppIcon;
				CODE_SIGN_IDENTITY = "-";
				CODE_SIGN_STYLE = Automatic;
				COMBINE_HIDPI_IMAGES = YES;
				INFOPLIST_FILE = "Cobalt macOS/Info.plist";
				LD_RUNPATH_SEARCH_PATHS = (
					"$(inherited)",
					"@executable_path/../Frameworks",
				);
				MACOSX_DEPLOYMENT_TARGET = 10.13;
				PRODUCT_BUNDLE_IDENTIFIER = com.mobecher.Cobalt;
				PRODUCT_NAME = Cobalt;
				SDKROOT = macosx;
				SWIFT_OBJC_BRIDGING_HEADER = "Cobalt Shared/ShaderTypes.h";
				SWIFT_VERSION = 4.0;
			};
			name = Release;
		};
/* End XCBuildConfiguration section */

/* Begin XCConfigurationList section */
		C9288FBA20D902E7005A313C /* Build configuration list for PBXProject "Cobalt" */ = {
			isa = XCConfigurationList;
			buildConfigurations = (
				C9288FFA20D902EA005A313C /* Debug */,
				C9288FFB20D902EA005A313C /* Release */,
			);
			defaultConfigurationIsVisible = 0;
			defaultConfigurationName = Release;
		};
		C9288FFC20D902EA005A313C /* Build configuration list for PBXNativeTarget "Cobalt iOS" */ = {
			isa = XCConfigurationList;
			buildConfigurations = (
				C9288FFD20D902EA005A313C /* Debug */,
				C9288FFE20D902EA005A313C /* Release */,
			);
			defaultConfigurationIsVisible = 0;
			defaultConfigurationName = Release;
		};
		C9288FFF20D902EA005A313C /* Build configuration list for PBXNativeTarget "Cobalt tvOS" */ = {
			isa = XCConfigurationList;
			buildConfigurations = (
				C928900020D902EA005A313C /* Debug */,
				C928900120D902EA005A313C /* Release */,
			);
			defaultConfigurationIsVisible = 0;
			defaultConfigurationName = Release;
		};
		C928900220D902EA005A313C /* Build configuration list for PBXNativeTarget "Cobalt macOS" */ = {
			isa = XCConfigurationList;
			buildConfigurations = (
				C928900320D902EA005A313C /* Debug */,
				C928900420D902EA005A313C /* Release */,
			);
			defaultConfigurationIsVisible = 0;
			defaultConfigurationName = Release;
		};
/* End XCConfigurationList section */
	};
	rootObject = C9288FB720D902E7005A313C /* Project object */;
}
